
Microsoft Visual Studio Solution File, Format Version 12.00
# Visual Studio Version 16
VisualStudioVersion = 16.0.34407.143
MinimumVisualStudioVersion = 10.0.40219.1
Project("{8BC9CEB8-8B4A-11D0-8D11-00A0C91BC942}") = "laba27", "laba27\laba27.vcxproj", "{F69FFE5F-890F-4433-BE94-5340525E976F}"
EndProject
Global
	GlobalSection(SolutionConfigurationPlatforms) = preSolution
		Debug|x64 = Debug|x64
		Debug|x86 = Debug|x86
		Release|x64 = Release|x64
		Release|x86 = Release|x86
	EndGlobalSection
	GlobalSection(ProjectConfigurationPlatforms) = postSolution
		{F69FFE5F-890F-4433-BE94-5340525E976F}.Debug|x64.ActiveCfg = Debug|x64
		{F69FFE5F-890F-4433-BE94-5340525E976F}.Debug|x64.Build.0 = Debug|x64
		{F69FFE5F-890F-4433-BE94-5340525E976F}.Debug|x86.ActiveCfg = Debug|Win32
		{F69FFE5F-890F-4433-BE94-5340525E976F}.Debug|x86.Build.0 = Debug|Win32
		{F69FFE5F-890F-4433-BE94-5340525E976F}.Release|x64.ActiveCfg = Release|x64
		{F69FFE5F-890F-4433-BE94-5340525E976F}.Release|x64.Build.0 = Release|x64
		{F69FFE5F-890F-4433-BE94-5340525E976F}.Release|x86.ActiveCfg = Release|Win32
		{F69FFE5F-890F-4433-BE94-5340525E976F}.Release|x86.Build.0 = Release|Win32
	EndGlobalSection
	GlobalSection(SolutionProperties) = preSolution
		HideSolutionNode = FALSE
	EndGlobalSection
	GlobalSection(ExtensibilityGlobals) = postSolution
		SolutionGuid = {A406B9C3-1BED-4C50-8AC9-74AEBE899979}
	EndGlobalSection
EndGlobal
